
Microsoft Visual Studio Solution File, Format Version 12.00
# Visual Studio Version 16
VisualStudioVersion = 16.0.30523.141
MinimumVisualStudioVersion = 10.0.40219.1
Project("{FAE04EC0-301F-11D3-BF4B-00C04F79EFBC}") = "2212377_Lab01_Bai03", "2212\2212377_Lab01_Bai03.csproj", "{C4ABC84C-BA83-4534-972F-563AE49484CC}"
EndProject
Project("{FAE04EC0-301F-11D3-BF4B-00C04F79EFBC}") = "2212377_Lab01_Bai02", "2212377_Lab01_Bai02\2212377_Lab01_Bai02.csproj", "{94C0C274-A006-4E54-A0F9-1EA19126644D}"
EndProject
Project("{FAE04EC0-301F-11D3-BF4B-00C04F79EFBC}") = "2212377_Lab01_Bai01", "2212377_Lab01_Bai01\2212377_Lab01_Bai01.csproj", "{FA591936-0074-4B81-B527-65C0BA7A1230}"
EndProject
Global
	GlobalSection(SolutionConfigurationPlatforms) = preSolution
		Debug|Any CPU = Debug|Any CPU
		Release|Any CPU = Release|Any CPU
	EndGlobalSection
	GlobalSection(ProjectConfigurationPlatforms) = postSolution
		{C4ABC84C-BA83-4534-972F-563AE49484CC}.Debug|Any CPU.ActiveCfg = Debug|Any CPU
		{C4ABC84C-BA83-4534-972F-563AE49484CC}.Debug|Any CPU.Build.0 = Debug|Any CPU
		{C4ABC84C-BA83-4534-972F-563AE49484CC}.Release|Any CPU.ActiveCfg = Release|Any CPU
		{C4ABC84C-BA83-4534-972F-563AE49484CC}.Release|Any CPU.Build.0 = Release|Any CPU
		{94C0C274-A006-4E54-A0F9-1EA19126644D}.Debug|Any CPU.ActiveCfg = Debug|Any CPU
		{94C0C274-A006-4E54-A0F9-1EA19126644D}.Debug|Any CPU.Build.0 = Debug|Any CPU
		{94C0C274-A006-4E54-A0F9-1EA19126644D}.Release|Any CPU.ActiveCfg = Release|Any CPU
		{94C0C274-A006-4E54-A0F9-1EA19126644D}.Release|Any CPU.Build.0 = Release|Any CPU
		{FA591936-0074-4B81-B527-65C0BA7A1230}.Debug|Any CPU.ActiveCfg = Debug|Any CPU
		{FA591936-0074-4B81-B527-65C0BA7A1230}.Debug|Any CPU.Build.0 = Debug|Any CPU
		{FA591936-0074-4B81-B527-65C0BA7A1230}.Release|Any CPU.ActiveCfg = Release|Any CPU
		{FA591936-0074-4B81-B527-65C0BA7A1230}.Release|Any CPU.Build.0 = Release|Any CPU
	EndGlobalSection
	GlobalSection(SolutionProperties) = preSolution
		HideSolutionNode = FALSE
	EndGlobalSection
	GlobalSection(ExtensibilityGlobals) = postSolution
		SolutionGuid = {E4D84C22-93B5-4736-A8CD-88FD703A27B1}
	EndGlobalSection
EndGlobal
